// !$*UTF8*$!
{
	archiveVersion = 1;
	classes = {
	};
	objectVersion = 47;
	objects = {

/* Begin PBXBuildFile section */
		52D6D9981BEFF375002C0205 /* Zendesk.swift in Sources */ = {isa = PBXBuildFile; fileRef = 52D6D9961BEFF375002C0205 /* Zendesk.swift */; };
		52D6D99B1BEFF375002C0205 /* ZendeskTests.swift in Sources */ = {isa = PBXBuildFile; fileRef = 52D6D9971BEFF375002C0205 /* ZendeskTests.swift */; };
		52D6DA261BF00118002C0205 /* Zendesk.swift in Sources */ = {isa = PBXBuildFile; fileRef = 52D6D9961BEFF375002C0205 /* Zendesk.swift */; };
		8C3C75D21E23B4F3001D09CA /* View.swift in Sources */ = {isa = PBXBuildFile; fileRef = 8C3C75D11E23B4F3001D09CA /* View.swift */; };
		8C3C75D31E23B4F3001D09CA /* View.swift in Sources */ = {isa = PBXBuildFile; fileRef = 8C3C75D11E23B4F3001D09CA /* View.swift */; };
		8C8D509B1E1D63F800F8033E /* ReactiveSwift.framework in Frameworks */ = {isa = PBXBuildFile; fileRef = 8C8D50981E1D63F800F8033E /* ReactiveSwift.framework */; };
		8C8D509C1E1D63F800F8033E /* Result.framework in Frameworks */ = {isa = PBXBuildFile; fileRef = 8C8D50991E1D63F800F8033E /* Result.framework */; };
		8C8D50A11E1D640000F8033E /* ReactiveSwift.framework in Frameworks */ = {isa = PBXBuildFile; fileRef = 8C8D509E1E1D640000F8033E /* ReactiveSwift.framework */; };
		8C8D50A21E1D640000F8033E /* Result.framework in Frameworks */ = {isa = PBXBuildFile; fileRef = 8C8D509F1E1D640000F8033E /* Result.framework */; };
		8C8D50AE1E1D654D00F8033E /* CoreLocation.framework in Frameworks */ = {isa = PBXBuildFile; fileRef = 8C8D50A31E1D642A00F8033E /* CoreLocation.framework */; };
		8C8D50B21E1D6CAA00F8033E /* Alamofire.framework in Frameworks */ = {isa = PBXBuildFile; fileRef = 8C8D50821E1D574300F8033E /* Alamofire.framework */; };
		8C8D50B41E1D6CB500F8033E /* Alamofire.framework.dSYM in CopyFiles */ = {isa = PBXBuildFile; fileRef = 8C8D50B31E1D6CB500F8033E /* Alamofire.framework.dSYM */; };
		8C8D50B71E1D6CC000F8033E /* ReactiveSwift.framework.dSYM in CopyFiles */ = {isa = PBXBuildFile; fileRef = 8C8D50B51E1D6CC000F8033E /* ReactiveSwift.framework.dSYM */; };
		8C8D50B81E1D6CC000F8033E /* Result.framework.dSYM in CopyFiles */ = {isa = PBXBuildFile; fileRef = 8C8D50B61E1D6CC000F8033E /* Result.framework.dSYM */; };
		8C8D50BB1E1D6CFA00F8033E /* Alamofire.framework in Frameworks */ = {isa = PBXBuildFile; fileRef = 8C8D50801E1D573B00F8033E /* Alamofire.framework */; };
		8C8D50BE1E1D84A700F8033E /* ZendeskAPITests.swift in Sources */ = {isa = PBXBuildFile; fileRef = 8C8D50BD1E1D84A700F8033E /* ZendeskAPITests.swift */; };
		8C8D50BF1E1D84A700F8033E /* ZendeskAPITests.swift in Sources */ = {isa = PBXBuildFile; fileRef = 8C8D50BD1E1D84A700F8033E /* ZendeskAPITests.swift */; };
		8C8D50C01E1E693F00F8033E /* Alamofire.framework in Frameworks */ = {isa = PBXBuildFile; fileRef = 8C8D50821E1D574300F8033E /* Alamofire.framework */; };
		8C8D50C31E1E981100F8033E /* TicketsRequest.swift in Sources */ = {isa = PBXBuildFile; fileRef = 8C8D50C21E1E981100F8033E /* TicketsRequest.swift */; };
		8C8D50C41E1E981100F8033E /* TicketsRequest.swift in Sources */ = {isa = PBXBuildFile; fileRef = 8C8D50C21E1E981100F8033E /* TicketsRequest.swift */; };
		8C8D50C61E1EA00900F8033E /* ObjectMapper.framework in Frameworks */ = {isa = PBXBuildFile; fileRef = 8C8D50C51E1EA00900F8033E /* ObjectMapper.framework */; };
		8C8D50CA1E1EA02800F8033E /* ObjectMapper.framework.dSYM in CopyFiles */ = {isa = PBXBuildFile; fileRef = 8C8D50C91E1EA02800F8033E /* ObjectMapper.framework.dSYM */; };
		8C8D50CB1E1EA8E200F8033E /* ObjectMapper.framework in Frameworks */ = {isa = PBXBuildFile; fileRef = 8C8D50C51E1EA00900F8033E /* ObjectMapper.framework */; };
		8C8D50CC1E1EA8E500F8033E /* ReactiveSwift.framework in Frameworks */ = {isa = PBXBuildFile; fileRef = 8C8D50981E1D63F800F8033E /* ReactiveSwift.framework */; };
		8C8D50CD1E1EA8EA00F8033E /* Result.framework in Frameworks */ = {isa = PBXBuildFile; fileRef = 8C8D50991E1D63F800F8033E /* Result.framework */; };
		8C8D50D41E1EE2DB00F8033E /* Ticket.swift in Sources */ = {isa = PBXBuildFile; fileRef = 8C8D50D31E1EE2DB00F8033E /* Ticket.swift */; };
		8C8D50D61E1EE82000F8033E /* Ticket.swift in Sources */ = {isa = PBXBuildFile; fileRef = 8C8D50D31E1EE2DB00F8033E /* Ticket.swift */; };
		DD7502861C68FDDC006590AF /* ZendeskTests.swift in Sources */ = {isa = PBXBuildFile; fileRef = 52D6D9971BEFF375002C0205 /* ZendeskTests.swift */; };
		DD7502881C68FEDE006590AF /* Zendesk.framework in Frameworks */ = {isa = PBXBuildFile; fileRef = 52D6DA0F1BF000BD002C0205 /* Zendesk.framework */; };
/* End PBXBuildFile section */

/* Begin PBXContainerItemProxy section */
		52D6D9881BEFF229002C0205 /* PBXContainerItemProxy */ = {
			isa = PBXContainerItemProxy;
			containerPortal = 52D6D9731BEFF229002C0205 /* Project object */;
			proxyType = 1;
			remoteGlobalIDString = 52D6D97B1BEFF229002C0205;
			remoteInfo = Zendesk;
		};
		DD7502801C68FCFC006590AF /* PBXContainerItemProxy */ = {
			isa = PBXContainerItemProxy;
			containerPortal = 52D6D9731BEFF229002C0205 /* Project object */;
			proxyType = 1;
			remoteGlobalIDString = 52D6DA0E1BF000BD002C0205;
			remoteInfo = "Zendesk-macOS";
		};
/* End PBXContainerItemProxy section */

/* Begin PBXCopyFilesBuildPhase section */
		8C8D50881E1D5C7A00F8033E /* CopyFiles */ = {
			isa = PBXCopyFilesBuildPhase;
			buildActionMask = 2147483647;
			dstPath = "";
			dstSubfolderSpec = 7;
			files = (
				8C8D50B41E1D6CB500F8033E /* Alamofire.framework.dSYM in CopyFiles */,
				8C8D50CA1E1EA02800F8033E /* ObjectMapper.framework.dSYM in CopyFiles */,
				8C8D50B71E1D6CC000F8033E /* ReactiveSwift.framework.dSYM in CopyFiles */,
				8C8D50B81E1D6CC000F8033E /* Result.framework.dSYM in CopyFiles */,
			);
			runOnlyForDeploymentPostprocessing = 0;
		};
/* End PBXCopyFilesBuildPhase section */

/* Begin PBXFileReference section */
		52D6D97C1BEFF229002C0205 /* Zendesk.framework */ = {isa = PBXFileReference; explicitFileType = wrapper.framework; includeInIndex = 0; path = Zendesk.framework; sourceTree = BUILT_PRODUCTS_DIR; };
		52D6D9861BEFF229002C0205 /* Zendesk-iOS Tests.xctest */ = {isa = PBXFileReference; explicitFileType = wrapper.cfbundle; includeInIndex = 0; path = "Zendesk-iOS Tests.xctest"; sourceTree = BUILT_PRODUCTS_DIR; };
		52D6D9961BEFF375002C0205 /* Zendesk.swift */ = {isa = PBXFileReference; fileEncoding = 4; lastKnownFileType = sourcecode.swift; name = Zendesk.swift; path = Sources/Zendesk.swift; sourceTree = "<group>"; };
		52D6D9971BEFF375002C0205 /* ZendeskTests.swift */ = {isa = PBXFileReference; fileEncoding = 4; lastKnownFileType = sourcecode.swift; name = ZendeskTests.swift; path = Tests/ZendeskTests/ZendeskTests.swift; sourceTree = "<group>"; };
		52D6DA0F1BF000BD002C0205 /* Zendesk.framework */ = {isa = PBXFileReference; explicitFileType = wrapper.framework; includeInIndex = 0; path = Zendesk.framework; sourceTree = BUILT_PRODUCTS_DIR; };
		8C3C75D11E23B4F3001D09CA /* View.swift */ = {isa = PBXFileReference; fileEncoding = 4; lastKnownFileType = sourcecode.swift; path = View.swift; sourceTree = "<group>"; };
		8C8D50801E1D573B00F8033E /* Alamofire.framework */ = {isa = PBXFileReference; lastKnownFileType = wrapper.framework; name = Alamofire.framework; path = Carthage/Build/iOS/Alamofire.framework; sourceTree = "<group>"; };
		8C8D50821E1D574300F8033E /* Alamofire.framework */ = {isa = PBXFileReference; lastKnownFileType = wrapper.framework; name = Alamofire.framework; path = Carthage/Build/Mac/Alamofire.framework; sourceTree = "<group>"; };
		8C8D50841E1D574B00F8033E /* Alamofire.framework */ = {isa = PBXFileReference; lastKnownFileType = wrapper.framework; name = Alamofire.framework; path = Carthage/Build/tvOS/Alamofire.framework; sourceTree = "<group>"; };
		8C8D50861E1D575200F8033E /* Alamofire.framework */ = {isa = PBXFileReference; lastKnownFileType = wrapper.framework; name = Alamofire.framework; path = Carthage/Build/watchOS/Alamofire.framework; sourceTree = "<group>"; };
		8C8D508B1E1D630200F8033E /* ReactiveCocoa.framework */ = {isa = PBXFileReference; lastKnownFileType = wrapper.framework; name = ReactiveCocoa.framework; path = Carthage/Build/watchOS/ReactiveCocoa.framework; sourceTree = "<group>"; };
		8C8D508C1E1D630200F8033E /* ReactiveSwift.framework */ = {isa = PBXFileReference; lastKnownFileType = wrapper.framework; name = ReactiveSwift.framework; path = Carthage/Build/watchOS/ReactiveSwift.framework; sourceTree = "<group>"; };
		8C8D508D1E1D630200F8033E /* Result.framework */ = {isa = PBXFileReference; lastKnownFileType = wrapper.framework; name = Result.framework; path = Carthage/Build/watchOS/Result.framework; sourceTree = "<group>"; };
		8C8D50911E1D631B00F8033E /* ReactiveCocoa.framework */ = {isa = PBXFileReference; lastKnownFileType = wrapper.framework; name = ReactiveCocoa.framework; path = Carthage/Build/tvOS/ReactiveCocoa.framework; sourceTree = "<group>"; };
		8C8D50921E1D631B00F8033E /* ReactiveSwift.framework */ = {isa = PBXFileReference; lastKnownFileType = wrapper.framework; name = ReactiveSwift.framework; path = Carthage/Build/tvOS/ReactiveSwift.framework; sourceTree = "<group>"; };
		8C8D50931E1D631B00F8033E /* Result.framework */ = {isa = PBXFileReference; lastKnownFileType = wrapper.framework; name = Result.framework; path = Carthage/Build/tvOS/Result.framework; sourceTree = "<group>"; };
		8C8D50971E1D63F800F8033E /* ReactiveCocoa.framework */ = {isa = PBXFileReference; lastKnownFileType = wrapper.framework; name = ReactiveCocoa.framework; path = Carthage/Build/Mac/ReactiveCocoa.framework; sourceTree = "<group>"; };
		8C8D50981E1D63F800F8033E /* ReactiveSwift.framework */ = {isa = PBXFileReference; lastKnownFileType = wrapper.framework; name = ReactiveSwift.framework; path = Carthage/Build/Mac/ReactiveSwift.framework; sourceTree = "<group>"; };
		8C8D50991E1D63F800F8033E /* Result.framework */ = {isa = PBXFileReference; lastKnownFileType = wrapper.framework; name = Result.framework; path = Carthage/Build/Mac/Result.framework; sourceTree = "<group>"; };
		8C8D509D1E1D640000F8033E /* ReactiveCocoa.framework */ = {isa = PBXFileReference; lastKnownFileType = wrapper.framework; name = ReactiveCocoa.framework; path = Carthage/Build/iOS/ReactiveCocoa.framework; sourceTree = "<group>"; };
		8C8D509E1E1D640000F8033E /* ReactiveSwift.framework */ = {isa = PBXFileReference; lastKnownFileType = wrapper.framework; name = ReactiveSwift.framework; path = Carthage/Build/iOS/ReactiveSwift.framework; sourceTree = "<group>"; };
		8C8D509F1E1D640000F8033E /* Result.framework */ = {isa = PBXFileReference; lastKnownFileType = wrapper.framework; name = Result.framework; path = Carthage/Build/iOS/Result.framework; sourceTree = "<group>"; };
		8C8D50A31E1D642A00F8033E /* CoreLocation.framework */ = {isa = PBXFileReference; lastKnownFileType = wrapper.framework; name = CoreLocation.framework; path = System/Library/Frameworks/CoreLocation.framework; sourceTree = SDKROOT; };
		8C8D50A51E1D643200F8033E /* CoreLocation.framework */ = {isa = PBXFileReference; lastKnownFileType = wrapper.framework; name = CoreLocation.framework; path = Platforms/MacOSX.platform/Developer/SDKs/MacOSX10.12.sdk/System/Library/Frameworks/CoreLocation.framework; sourceTree = DEVELOPER_DIR; };
		8C8D50A81E1D645500F8033E /* ReactiveSwift.framework.dSYM */ = {isa = PBXFileReference; lastKnownFileType = wrapper.dsym; name = ReactiveSwift.framework.dSYM; path = ../Carthage/Build/iOS/ReactiveSwift.framework.dSYM; sourceTree = "<group>"; };
		8C8D50A91E1D645500F8033E /* Result.framework.dSYM */ = {isa = PBXFileReference; lastKnownFileType = wrapper.dsym; name = Result.framework.dSYM; path = ../Carthage/Build/iOS/Result.framework.dSYM; sourceTree = "<group>"; };
		8C8D50B01E1D670B00F8033E /* CoreFoundation.framework */ = {isa = PBXFileReference; lastKnownFileType = wrapper.framework; name = CoreFoundation.framework; path = System/Library/Frameworks/CoreFoundation.framework; sourceTree = SDKROOT; };
		8C8D50B31E1D6CB500F8033E /* Alamofire.framework.dSYM */ = {isa = PBXFileReference; lastKnownFileType = wrapper.dsym; name = Alamofire.framework.dSYM; path = Carthage/Build/Mac/Alamofire.framework.dSYM; sourceTree = "<group>"; };
		8C8D50B51E1D6CC000F8033E /* ReactiveSwift.framework.dSYM */ = {isa = PBXFileReference; lastKnownFileType = wrapper.dsym; name = ReactiveSwift.framework.dSYM; path = Carthage/Build/Mac/ReactiveSwift.framework.dSYM; sourceTree = "<group>"; };
		8C8D50B61E1D6CC000F8033E /* Result.framework.dSYM */ = {isa = PBXFileReference; lastKnownFileType = wrapper.dsym; name = Result.framework.dSYM; path = Carthage/Build/Mac/Result.framework.dSYM; sourceTree = "<group>"; };
		8C8D50BD1E1D84A700F8033E /* ZendeskAPITests.swift */ = {isa = PBXFileReference; fileEncoding = 4; lastKnownFileType = sourcecode.swift; path = ZendeskAPITests.swift; sourceTree = "<group>"; };
		8C8D50C21E1E981100F8033E /* TicketsRequest.swift */ = {isa = PBXFileReference; fileEncoding = 4; lastKnownFileType = sourcecode.swift; path = TicketsRequest.swift; sourceTree = "<group>"; };
		8C8D50C51E1EA00900F8033E /* ObjectMapper.framework */ = {isa = PBXFileReference; lastKnownFileType = wrapper.framework; name = ObjectMapper.framework; path = Carthage/Build/Mac/ObjectMapper.framework; sourceTree = "<group>"; };
		8C8D50C91E1EA02800F8033E /* ObjectMapper.framework.dSYM */ = {isa = PBXFileReference; lastKnownFileType = wrapper.dsym; name = ObjectMapper.framework.dSYM; path = Carthage/Build/Mac/ObjectMapper.framework.dSYM; sourceTree = "<group>"; };
		8C8D50D31E1EE2DB00F8033E /* Ticket.swift */ = {isa = PBXFileReference; fileEncoding = 4; lastKnownFileType = sourcecode.swift; path = Ticket.swift; sourceTree = "<group>"; };
		AD2FAA261CD0B6D800659CF4 /* Zendesk.plist */ = {isa = PBXFileReference; fileEncoding = 4; lastKnownFileType = text.plist.xml; path = Zendesk.plist; sourceTree = "<group>"; };
		AD2FAA281CD0B6E100659CF4 /* ZendeskTests.plist */ = {isa = PBXFileReference; fileEncoding = 4; lastKnownFileType = text.plist.xml; path = ZendeskTests.plist; sourceTree = "<group>"; };
		DD75027A1C68FCFC006590AF /* Zendesk-macOS Tests.xctest */ = {isa = PBXFileReference; explicitFileType = wrapper.cfbundle; includeInIndex = 0; path = "Zendesk-macOS Tests.xctest"; sourceTree = BUILT_PRODUCTS_DIR; };
/* End PBXFileReference section */

/* Begin PBXFrameworksBuildPhase section */
		52D6D9781BEFF229002C0205 /* Frameworks */ = {
			isa = PBXFrameworksBuildPhase;
			buildActionMask = 2147483647;
			files = (
				8C8D50A11E1D640000F8033E /* ReactiveSwift.framework in Frameworks */,
				8C8D50A21E1D640000F8033E /* Result.framework in Frameworks */,
				8C8D50BB1E1D6CFA00F8033E /* Alamofire.framework in Frameworks */,
			);
			runOnlyForDeploymentPostprocessing = 0;
		};
		52D6D9831BEFF229002C0205 /* Frameworks */ = {
			isa = PBXFrameworksBuildPhase;
			buildActionMask = 2147483647;
			files = (
				8C8D50AE1E1D654D00F8033E /* CoreLocation.framework in Frameworks */,
			);
			runOnlyForDeploymentPostprocessing = 0;
		};
		52D6DA0B1BF000BD002C0205 /* Frameworks */ = {
			isa = PBXFrameworksBuildPhase;
			buildActionMask = 2147483647;
			files = (
				8C8D509B1E1D63F800F8033E /* ReactiveSwift.framework in Frameworks */,
				8C8D50C61E1EA00900F8033E /* ObjectMapper.framework in Frameworks */,
				8C8D509C1E1D63F800F8033E /* Result.framework in Frameworks */,
				8C8D50B21E1D6CAA00F8033E /* Alamofire.framework in Frameworks */,
			);
			runOnlyForDeploymentPostprocessing = 0;
		};
		DD7502771C68FCFC006590AF /* Frameworks */ = {
			isa = PBXFrameworksBuildPhase;
			buildActionMask = 2147483647;
			files = (
				8C8D50CC1E1EA8E500F8033E /* ReactiveSwift.framework in Frameworks */,
				DD7502881C68FEDE006590AF /* Zendesk.framework in Frameworks */,
				8C8D50C01E1E693F00F8033E /* Alamofire.framework in Frameworks */,
				8C8D50CD1E1EA8EA00F8033E /* Result.framework in Frameworks */,
				8C8D50CB1E1EA8E200F8033E /* ObjectMapper.framework in Frameworks */,
			);
			runOnlyForDeploymentPostprocessing = 0;
		};
/* End PBXFrameworksBuildPhase section */

/* Begin PBXGroup section */
		52D6D9721BEFF229002C0205 = {
			isa = PBXGroup;
			children = (
				8C8D50D51E1EE2DE00F8033E /* Models */,
				8C8D50C11E1E97F800F8033E /* Requests */,
				52D6D9961BEFF375002C0205 /* Zendesk.swift */,
				52D6D9971BEFF375002C0205 /* ZendeskTests.swift */,
				8C8D50BD1E1D84A700F8033E /* ZendeskAPITests.swift */,
				52D6D99C1BEFF38C002C0205 /* Configs */,
				52D6D97D1BEFF229002C0205 /* Products */,
				8C8D507F1E1D573B00F8033E /* Frameworks */,
			);
			sourceTree = "<group>";
		};
		52D6D97D1BEFF229002C0205 /* Products */ = {
			isa = PBXGroup;
			children = (
				52D6D97C1BEFF229002C0205 /* Zendesk.framework */,
				52D6D9861BEFF229002C0205 /* Zendesk-iOS Tests.xctest */,
				52D6DA0F1BF000BD002C0205 /* Zendesk.framework */,
				DD75027A1C68FCFC006590AF /* Zendesk-macOS Tests.xctest */,
			);
			name = Products;
			sourceTree = "<group>";
		};
		52D6D99C1BEFF38C002C0205 /* Configs */ = {
			isa = PBXGroup;
			children = (
				DD7502721C68FC1B006590AF /* Frameworks */,
				DD7502731C68FC20006590AF /* Tests */,
			);
			path = Configs;
			sourceTree = "<group>";
		};
		8C8D507F1E1D573B00F8033E /* Frameworks */ = {
			isa = PBXGroup;
			children = (
				8C8D50C51E1EA00900F8033E /* ObjectMapper.framework */,
				8C8D50B01E1D670B00F8033E /* CoreFoundation.framework */,
				8C8D50A51E1D643200F8033E /* CoreLocation.framework */,
				8C8D50A31E1D642A00F8033E /* CoreLocation.framework */,
				8C8D509D1E1D640000F8033E /* ReactiveCocoa.framework */,
				8C8D509E1E1D640000F8033E /* ReactiveSwift.framework */,
				8C8D509F1E1D640000F8033E /* Result.framework */,
				8C8D50971E1D63F800F8033E /* ReactiveCocoa.framework */,
				8C8D50981E1D63F800F8033E /* ReactiveSwift.framework */,
				8C8D50991E1D63F800F8033E /* Result.framework */,
				8C8D50911E1D631B00F8033E /* ReactiveCocoa.framework */,
				8C8D50921E1D631B00F8033E /* ReactiveSwift.framework */,
				8C8D50931E1D631B00F8033E /* Result.framework */,
				8C8D508B1E1D630200F8033E /* ReactiveCocoa.framework */,
				8C8D508C1E1D630200F8033E /* ReactiveSwift.framework */,
				8C8D508D1E1D630200F8033E /* Result.framework */,
				8C8D50861E1D575200F8033E /* Alamofire.framework */,
				8C8D50841E1D574B00F8033E /* Alamofire.framework */,
				8C8D50821E1D574300F8033E /* Alamofire.framework */,
				8C8D50801E1D573B00F8033E /* Alamofire.framework */,
			);
			name = Frameworks;
			sourceTree = "<group>";
		};
		8C8D50B91E1D6CCE00F8033E /* Mac */ = {
			isa = PBXGroup;
			children = (
				8C8D50C91E1EA02800F8033E /* ObjectMapper.framework.dSYM */,
				8C8D50B51E1D6CC000F8033E /* ReactiveSwift.framework.dSYM */,
				8C8D50B61E1D6CC000F8033E /* Result.framework.dSYM */,
				8C8D50B31E1D6CB500F8033E /* Alamofire.framework.dSYM */,
			);
			name = Mac;
			path = ..;
			sourceTree = "<group>";
		};
		8C8D50BA1E1D6CE600F8033E /* iOS */ = {
			isa = PBXGroup;
			children = (
				8C8D50A81E1D645500F8033E /* ReactiveSwift.framework.dSYM */,
				8C8D50A91E1D645500F8033E /* Result.framework.dSYM */,
			);
			name = iOS;
			sourceTree = "<group>";
		};
		8C8D50C11E1E97F800F8033E /* Requests */ = {
			isa = PBXGroup;
			children = (
				8C8D50C21E1E981100F8033E /* TicketsRequest.swift */,
			);
			name = Requests;
			sourceTree = "<group>";
		};
		8C8D50D51E1EE2DE00F8033E /* Models */ = {
			isa = PBXGroup;
			children = (
				8C8D50D31E1EE2DB00F8033E /* Ticket.swift */,
				8C3C75D11E23B4F3001D09CA /* View.swift */,
			);
			name = Models;
			sourceTree = "<group>";
		};
		DD7502721C68FC1B006590AF /* Frameworks */ = {
			isa = PBXGroup;
			children = (
				8C8D50B91E1D6CCE00F8033E /* Mac */,
				8C8D50BA1E1D6CE600F8033E /* iOS */,
				AD2FAA261CD0B6D800659CF4 /* Zendesk.plist */,
			);
			name = Frameworks;
			sourceTree = "<group>";
		};
		DD7502731C68FC20006590AF /* Tests */ = {
			isa = PBXGroup;
			children = (
				AD2FAA281CD0B6E100659CF4 /* ZendeskTests.plist */,
			);
			name = Tests;
			sourceTree = "<group>";
		};
/* End PBXGroup section */

/* Begin PBXHeadersBuildPhase section */
		52D6D9791BEFF229002C0205 /* Headers */ = {
			isa = PBXHeadersBuildPhase;
			buildActionMask = 2147483647;
			files = (
			);
			runOnlyForDeploymentPostprocessing = 0;
		};
		52D6DA0C1BF000BD002C0205 /* Headers */ = {
			isa = PBXHeadersBuildPhase;
			buildActionMask = 2147483647;
			files = (
			);
			runOnlyForDeploymentPostprocessing = 0;
		};
/* End PBXHeadersBuildPhase section */

/* Begin PBXNativeTarget section */
		52D6D97B1BEFF229002C0205 /* Zendesk-iOS */ = {
			isa = PBXNativeTarget;
			buildConfigurationList = 52D6D9901BEFF229002C0205 /* Build configuration list for PBXNativeTarget "Zendesk-iOS" */;
			buildPhases = (
				52D6D9771BEFF229002C0205 /* Sources */,
				52D6D9781BEFF229002C0205 /* Frameworks */,
				52D6D9791BEFF229002C0205 /* Headers */,
				52D6D97A1BEFF229002C0205 /* Resources */,
				8C8D50AF1E1D65D200F8033E /* ShellScript */,
			);
			buildRules = (
			);
			dependencies = (
			);
			name = "Zendesk-iOS";
			productName = Zendesk;
			productReference = 52D6D97C1BEFF229002C0205 /* Zendesk.framework */;
			productType = "com.apple.product-type.framework";
		};
		52D6D9851BEFF229002C0205 /* Zendesk-iOS Tests */ = {
			isa = PBXNativeTarget;
			buildConfigurationList = 52D6D9931BEFF229002C0205 /* Build configuration list for PBXNativeTarget "Zendesk-iOS Tests" */;
			buildPhases = (
				52D6D9821BEFF229002C0205 /* Sources */,
				52D6D9831BEFF229002C0205 /* Frameworks */,
				52D6D9841BEFF229002C0205 /* Resources */,
			);
			buildRules = (
			);
			dependencies = (
				52D6D9891BEFF229002C0205 /* PBXTargetDependency */,
			);
			name = "Zendesk-iOS Tests";
			productName = ZendeskTests;
			productReference = 52D6D9861BEFF229002C0205 /* Zendesk-iOS Tests.xctest */;
			productType = "com.apple.product-type.bundle.unit-test";
		};
		52D6DA0E1BF000BD002C0205 /* Zendesk-macOS */ = {
			isa = PBXNativeTarget;
			buildConfigurationList = 52D6DA201BF000BD002C0205 /* Build configuration list for PBXNativeTarget "Zendesk-macOS" */;
			buildPhases = (
				52D6DA0A1BF000BD002C0205 /* Sources */,
				52D6DA0B1BF000BD002C0205 /* Frameworks */,
				52D6DA0C1BF000BD002C0205 /* Headers */,
				52D6DA0D1BF000BD002C0205 /* Resources */,
				8C8D50881E1D5C7A00F8033E /* CopyFiles */,
			);
			buildRules = (
			);
			dependencies = (
			);
			name = "Zendesk-macOS";
			productName = "Zendesk-macOS";
			productReference = 52D6DA0F1BF000BD002C0205 /* Zendesk.framework */;
			productType = "com.apple.product-type.framework";
		};
		DD7502791C68FCFC006590AF /* Zendesk-macOS Tests */ = {
			isa = PBXNativeTarget;
			buildConfigurationList = DD7502821C68FCFC006590AF /* Build configuration list for PBXNativeTarget "Zendesk-macOS Tests" */;
			buildPhases = (
				DD7502761C68FCFC006590AF /* Sources */,
				DD7502771C68FCFC006590AF /* Frameworks */,
				DD7502781C68FCFC006590AF /* Resources */,
			);
			buildRules = (
			);
			dependencies = (
				DD7502811C68FCFC006590AF /* PBXTargetDependency */,
			);
			name = "Zendesk-macOS Tests";
			productName = "Zendesk-OS Tests";
			productReference = DD75027A1C68FCFC006590AF /* Zendesk-macOS Tests.xctest */;
			productType = "com.apple.product-type.bundle.unit-test";
		};
/* End PBXNativeTarget section */

/* Begin PBXProject section */
		52D6D9731BEFF229002C0205 /* Project object */ = {
			isa = PBXProject;
			attributes = {
				LastSwiftUpdateCheck = 0720;
				LastUpgradeCheck = 0810;
				ORGANIZATIONNAME = GitHub;
				TargetAttributes = {
					52D6D97B1BEFF229002C0205 = {
						CreatedOnToolsVersion = 7.1;
						LastSwiftMigration = 0800;
					};
					52D6D9851BEFF229002C0205 = {
						CreatedOnToolsVersion = 7.1;
						LastSwiftMigration = 0800;
					};
					52D6DA0E1BF000BD002C0205 = {
						CreatedOnToolsVersion = 7.1;
						LastSwiftMigration = 0800;
					};
					DD7502791C68FCFC006590AF = {
						CreatedOnToolsVersion = 7.2.1;
						LastSwiftMigration = 0800;
					};
				};
			};
			buildConfigurationList = 52D6D9761BEFF229002C0205 /* Build configuration list for PBXProject "Zendesk" */;
			compatibilityVersion = "Xcode 6.3";
			developmentRegion = English;
			hasScannedForEncodings = 0;
			knownRegions = (
				en,
			);
			mainGroup = 52D6D9721BEFF229002C0205;
			productRefGroup = 52D6D97D1BEFF229002C0205 /* Products */;
			projectDirPath = "";
			projectRoot = "";
			targets = (
				52D6D97B1BEFF229002C0205 /* Zendesk-iOS */,
				52D6DA0E1BF000BD002C0205 /* Zendesk-macOS */,
				52D6D9851BEFF229002C0205 /* Zendesk-iOS Tests */,
				DD7502791C68FCFC006590AF /* Zendesk-macOS Tests */,
			);
		};
/* End PBXProject section */

/* Begin PBXResourcesBuildPhase section */
		52D6D97A1BEFF229002C0205 /* Resources */ = {
			isa = PBXResourcesBuildPhase;
			buildActionMask = 2147483647;
			files = (
			);
			runOnlyForDeploymentPostprocessing = 0;
		};
		52D6D9841BEFF229002C0205 /* Resources */ = {
			isa = PBXResourcesBuildPhase;
			buildActionMask = 2147483647;
			files = (
			);
			runOnlyForDeploymentPostprocessing = 0;
		};
		52D6DA0D1BF000BD002C0205 /* Resources */ = {
			isa = PBXResourcesBuildPhase;
			buildActionMask = 2147483647;
			files = (
			);
			runOnlyForDeploymentPostprocessing = 0;
		};
		DD7502781C68FCFC006590AF /* Resources */ = {
			isa = PBXResourcesBuildPhase;
			buildActionMask = 2147483647;
			files = (
			);
			runOnlyForDeploymentPostprocessing = 0;
		};
/* End PBXResourcesBuildPhase section */

/* Begin PBXShellScriptBuildPhase section */
		8C8D50AF1E1D65D200F8033E /* ShellScript */ = {
			isa = PBXShellScriptBuildPhase;
			buildActionMask = 2147483647;
			files = (
			);
			inputPaths = (
				"$(SRCROOT)/Carthage/Build/iOS/ReactiveSwift.framework",
				"$(SRCROOT)/Carthage/Build/iOS/Result.framework",
				"$(SRCROOT)/Carthage/Build/iOS/Alamofire.framework",
			);
			outputPaths = (
			);
			runOnlyForDeploymentPostprocessing = 0;
			shellPath = /bin/sh;
			shellScript = "/usr/local/bin/carthage copy-frameworks";
		};
/* End PBXShellScriptBuildPhase section */

/* Begin PBXSourcesBuildPhase section */
		52D6D9771BEFF229002C0205 /* Sources */ = {
			isa = PBXSourcesBuildPhase;
			buildActionMask = 2147483647;
			files = (
				8C3C75D21E23B4F3001D09CA /* View.swift in Sources */,
				52D6D9981BEFF375002C0205 /* Zendesk.swift in Sources */,
				8C8D50D61E1EE82000F8033E /* Ticket.swift in Sources */,
				8C8D50C31E1E981100F8033E /* TicketsRequest.swift in Sources */,
			);
			runOnlyForDeploymentPostprocessing = 0;
		};
		52D6D9821BEFF229002C0205 /* Sources */ = {
			isa = PBXSourcesBuildPhase;
			buildActionMask = 2147483647;
			files = (
				52D6D99B1BEFF375002C0205 /* ZendeskTests.swift in Sources */,
				8C8D50BE1E1D84A700F8033E /* ZendeskAPITests.swift in Sources */,
			);
			runOnlyForDeploymentPostprocessing = 0;
		};
		52D6DA0A1BF000BD002C0205 /* Sources */ = {
			isa = PBXSourcesBuildPhase;
			buildActionMask = 2147483647;
			files = (
				8C3C75D31E23B4F3001D09CA /* View.swift in Sources */,
				52D6DA261BF00118002C0205 /* Zendesk.swift in Sources */,
				8C8D50D41E1EE2DB00F8033E /* Ticket.swift in Sources */,
				8C8D50C41E1E981100F8033E /* TicketsRequest.swift in Sources */,
			);
			runOnlyForDeploymentPostprocessing = 0;
		};
		DD7502761C68FCFC006590AF /* Sources */ = {
			isa = PBXSourcesBuildPhase;
			buildActionMask = 2147483647;
			files = (
				DD7502861C68FDDC006590AF /* ZendeskTests.swift in Sources */,
				8C8D50BF1E1D84A700F8033E /* ZendeskAPITests.swift in Sources */,
			);
			runOnlyForDeploymentPostprocessing = 0;
		};
/* End PBXSourcesBuildPhase section */

/* Begin PBXTargetDependency section */
		52D6D9891BEFF229002C0205 /* PBXTargetDependency */ = {
			isa = PBXTargetDependency;
			target = 52D6D97B1BEFF229002C0205 /* Zendesk-iOS */;
			targetProxy = 52D6D9881BEFF229002C0205 /* PBXContainerItemProxy */;
		};
		DD7502811C68FCFC006590AF /* PBXTargetDependency */ = {
			isa = PBXTargetDependency;
			target = 52D6DA0E1BF000BD002C0205 /* Zendesk-macOS */;
			targetProxy = DD7502801C68FCFC006590AF /* PBXContainerItemProxy */;
		};
/* End PBXTargetDependency section */

/* Begin XCBuildConfiguration section */
		52D6D98E1BEFF229002C0205 /* Debug */ = {
			isa = XCBuildConfiguration;
			buildSettings = {
				ALWAYS_SEARCH_USER_PATHS = NO;
				CLANG_CXX_LANGUAGE_STANDARD = "gnu++0x";
				CLANG_CXX_LIBRARY = "libc++";
				CLANG_ENABLE_MODULES = YES;
				CLANG_ENABLE_OBJC_ARC = YES;
				CLANG_WARN_BOOL_CONVERSION = YES;
				CLANG_WARN_CONSTANT_CONVERSION = YES;
				CLANG_WARN_DIRECT_OBJC_ISA_USAGE = YES_ERROR;
				CLANG_WARN_EMPTY_BODY = YES;
				CLANG_WARN_ENUM_CONVERSION = YES;
				CLANG_WARN_INFINITE_RECURSION = YES;
				CLANG_WARN_INT_CONVERSION = YES;
				CLANG_WARN_OBJC_ROOT_CLASS = YES_ERROR;
				CLANG_WARN_SUSPICIOUS_MOVE = YES;
				CLANG_WARN_UNREACHABLE_CODE = YES;
				CLANG_WARN__DUPLICATE_METHOD_MATCH = YES;
				"CODE_SIGN_IDENTITY[sdk=iphoneos*]" = "iPhone Developer";
				COPY_PHASE_STRIP = NO;
				CURRENT_PROJECT_VERSION = 1;
				DEBUG_INFORMATION_FORMAT = dwarf;
				ENABLE_STRICT_OBJC_MSGSEND = YES;
				ENABLE_TESTABILITY = YES;
				GCC_C_LANGUAGE_STANDARD = gnu99;
				GCC_DYNAMIC_NO_PIC = NO;
				GCC_NO_COMMON_BLOCKS = YES;
				GCC_OPTIMIZATION_LEVEL = 0;
				GCC_PREPROCESSOR_DEFINITIONS = (
					"DEBUG=1",
					"$(inherited)",
				);
				GCC_WARN_64_TO_32_BIT_CONVERSION = YES;
				GCC_WARN_ABOUT_RETURN_TYPE = YES_ERROR;
				GCC_WARN_UNDECLARED_SELECTOR = YES;
				GCC_WARN_UNINITIALIZED_AUTOS = YES_AGGRESSIVE;
				GCC_WARN_UNUSED_FUNCTION = YES;
				GCC_WARN_UNUSED_VARIABLE = YES;
				IPHONEOS_DEPLOYMENT_TARGET = 8.0;
				MTL_ENABLE_DEBUG_INFO = YES;
				ONLY_ACTIVE_ARCH = YES;
				SDKROOT = iphoneos;
				SWIFT_OPTIMIZATION_LEVEL = "-Onone";
				SWIFT_VERSION = 3.0;
				TARGETED_DEVICE_FAMILY = "1,2";
				VERSIONING_SYSTEM = "apple-generic";
				VERSION_INFO_PREFIX = "";
			};
			name = Debug;
		};
		52D6D98F1BEFF229002C0205 /* Release */ = {
			isa = XCBuildConfiguration;
			buildSettings = {
				ALWAYS_SEARCH_USER_PATHS = NO;
				CLANG_CXX_LANGUAGE_STANDARD = "gnu++0x";
				CLANG_CXX_LIBRARY = "libc++";
				CLANG_ENABLE_MODULES = YES;
				CLANG_ENABLE_OBJC_ARC = YES;
				CLANG_WARN_BOOL_CONVERSION = YES;
				CLANG_WARN_CONSTANT_CONVERSION = YES;
				CLANG_WARN_DIRECT_OBJC_ISA_USAGE = YES_ERROR;
				CLANG_WARN_EMPTY_BODY = YES;
				CLANG_WARN_ENUM_CONVERSION = YES;
				CLANG_WARN_INFINITE_RECURSION = YES;
				CLANG_WARN_INT_CONVERSION = YES;
				CLANG_WARN_OBJC_ROOT_CLASS = YES_ERROR;
				CLANG_WARN_SUSPICIOUS_MOVE = YES;
				CLANG_WARN_UNREACHABLE_CODE = YES;
				CLANG_WARN__DUPLICATE_METHOD_MATCH = YES;
				"CODE_SIGN_IDENTITY[sdk=iphoneos*]" = "iPhone Developer";
				COPY_PHASE_STRIP = NO;
				CURRENT_PROJECT_VERSION = 1;
				DEBUG_INFORMATION_FORMAT = "dwarf-with-dsym";
				ENABLE_NS_ASSERTIONS = NO;
				ENABLE_STRICT_OBJC_MSGSEND = YES;
				GCC_C_LANGUAGE_STANDARD = gnu99;
				GCC_NO_COMMON_BLOCKS = YES;
				GCC_WARN_64_TO_32_BIT_CONVERSION = YES;
				GCC_WARN_ABOUT_RETURN_TYPE = YES_ERROR;
				GCC_WARN_UNDECLARED_SELECTOR = YES;
				GCC_WARN_UNINITIALIZED_AUTOS = YES_AGGRESSIVE;
				GCC_WARN_UNUSED_FUNCTION = YES;
				GCC_WARN_UNUSED_VARIABLE = YES;
				IPHONEOS_DEPLOYMENT_TARGET = 8.0;
				MTL_ENABLE_DEBUG_INFO = NO;
				SDKROOT = iphoneos;
				SWIFT_VERSION = 3.0;
				TARGETED_DEVICE_FAMILY = "1,2";
				VALIDATE_PRODUCT = YES;
				VERSIONING_SYSTEM = "apple-generic";
				VERSION_INFO_PREFIX = "";
			};
			name = Release;
		};
		52D6D9911BEFF229002C0205 /* Debug */ = {
			isa = XCBuildConfiguration;
			buildSettings = {
				APPLICATION_EXTENSION_API_ONLY = YES;
				CLANG_ENABLE_MODULES = YES;
				"CODE_SIGN_IDENTITY[sdk=iphoneos*]" = "";
				DEFINES_MODULE = YES;
				DYLIB_COMPATIBILITY_VERSION = 1;
				DYLIB_CURRENT_VERSION = 1;
				DYLIB_INSTALL_NAME_BASE = "@rpath";
				FRAMEWORK_SEARCH_PATHS = (
					"$(inherited)",
					"$(PROJECT_DIR)/Carthage/Build/iOS",
				);
				INFOPLIST_FILE = Configs/Zendesk.plist;
				INSTALL_PATH = "$(LOCAL_LIBRARY_DIR)/Frameworks";
				IPHONEOS_DEPLOYMENT_TARGET = 8.0;
				LD_RUNPATH_SEARCH_PATHS = "$(inherited) @executable_path/Frameworks @loader_path/Frameworks";
				ONLY_ACTIVE_ARCH = NO;
				PRODUCT_BUNDLE_IDENTIFIER = "com.Zendesk.Zendesk-iOS";
				PRODUCT_NAME = Zendesk;
				SKIP_INSTALL = YES;
				SWIFT_OPTIMIZATION_LEVEL = "-Onone";
				SWIFT_VERSION = 3.0;
			};
			name = Debug;
		};
		52D6D9921BEFF229002C0205 /* Release */ = {
			isa = XCBuildConfiguration;
			buildSettings = {
				APPLICATION_EXTENSION_API_ONLY = YES;
				CLANG_ENABLE_MODULES = YES;
				"CODE_SIGN_IDENTITY[sdk=iphoneos*]" = "";
				DEFINES_MODULE = YES;
				DYLIB_COMPATIBILITY_VERSION = 1;
				DYLIB_CURRENT_VERSION = 1;
				DYLIB_INSTALL_NAME_BASE = "@rpath";
				FRAMEWORK_SEARCH_PATHS = (
					"$(inherited)",
					"$(PROJECT_DIR)/Carthage/Build/iOS",
				);
				INFOPLIST_FILE = Configs/Zendesk.plist;
				INSTALL_PATH = "$(LOCAL_LIBRARY_DIR)/Frameworks";
				IPHONEOS_DEPLOYMENT_TARGET = 8.0;
				LD_RUNPATH_SEARCH_PATHS = "$(inherited) @executable_path/Frameworks @loader_path/Frameworks";
				PRODUCT_BUNDLE_IDENTIFIER = "com.Zendesk.Zendesk-iOS";
				PRODUCT_NAME = Zendesk;
				SKIP_INSTALL = YES;
				SWIFT_OPTIMIZATION_LEVEL = "-Owholemodule";
				SWIFT_VERSION = 3.0;
			};
			name = Release;
		};
		52D6D9941BEFF229002C0205 /* Debug */ = {
			isa = XCBuildConfiguration;
			buildSettings = {
				CLANG_ENABLE_MODULES = YES;
				INFOPLIST_FILE = Configs/ZendeskTests.plist;
				LD_RUNPATH_SEARCH_PATHS = "$(inherited) @executable_path/Frameworks @loader_path/Frameworks $(PROJECT_DIR)/Carthage/Build/iOS";
				PRODUCT_BUNDLE_IDENTIFIER = "com.Zendesk.Zendesk-iOS-Tests";
				PRODUCT_NAME = "$(TARGET_NAME)";
				SWIFT_OPTIMIZATION_LEVEL = "-Onone";
				SWIFT_VERSION = 3.0;
			};
			name = Debug;
		};
		52D6D9951BEFF229002C0205 /* Release */ = {
			isa = XCBuildConfiguration;
			buildSettings = {
				CLANG_ENABLE_MODULES = YES;
				INFOPLIST_FILE = Configs/ZendeskTests.plist;
				LD_RUNPATH_SEARCH_PATHS = "$(inherited) @executable_path/Frameworks @loader_path/Frameworks $(PROJECT_DIR)/Carthage/Build/iOS";
				PRODUCT_BUNDLE_IDENTIFIER = "com.Zendesk.Zendesk-iOS-Tests";
				PRODUCT_NAME = "$(TARGET_NAME)";
				SWIFT_OPTIMIZATION_LEVEL = "-Owholemodule";
				SWIFT_VERSION = 3.0;
			};
			name = Release;
		};
		52D6DA211BF000BD002C0205 /* Debug */ = {
			isa = XCBuildConfiguration;
			buildSettings = {
				APPLICATION_EXTENSION_API_ONLY = YES;
				CODE_SIGN_IDENTITY = "-";
				COMBINE_HIDPI_IMAGES = YES;
				DEFINES_MODULE = YES;
				DYLIB_COMPATIBILITY_VERSION = 1;
				DYLIB_CURRENT_VERSION = 1;
				DYLIB_INSTALL_NAME_BASE = "@rpath";
				FRAMEWORK_SEARCH_PATHS = (
					"$(inherited)",
					"$(PROJECT_DIR)/Carthage/Build/Mac",
				);
				FRAMEWORK_VERSION = A;
				INFOPLIST_FILE = Configs/Zendesk.plist;
				INSTALL_PATH = "$(LOCAL_LIBRARY_DIR)/Frameworks";
				LD_RUNPATH_SEARCH_PATHS = "$(inherited) @executable_path/../Frameworks @loader_path/Frameworks $(PROJECT_DIR)/Carthage/Build/Mac";
				MACOSX_DEPLOYMENT_TARGET = 10.10;
				PRODUCT_BUNDLE_IDENTIFIER = "com.Zendesk.Zendesk-macOS";
				PRODUCT_NAME = Zendesk;
				SDKROOT = macosx;
				SKIP_INSTALL = YES;
				SWIFT_VERSION = 3.0;
			};
			name = Debug;
		};
		52D6DA221BF000BD002C0205 /* Release */ = {
			isa = XCBuildConfiguration;
			buildSettings = {
				APPLICATION_EXTENSION_API_ONLY = YES;
				CODE_SIGN_IDENTITY = "-";
				COMBINE_HIDPI_IMAGES = YES;
				DEFINES_MODULE = YES;
				DYLIB_COMPATIBILITY_VERSION = 1;
				DYLIB_CURRENT_VERSION = 1;
				DYLIB_INSTALL_NAME_BASE = "@rpath";
				FRAMEWORK_SEARCH_PATHS = (
					"$(inherited)",
					"$(PROJECT_DIR)/Carthage/Build/Mac",
				);
				FRAMEWORK_VERSION = A;
				INFOPLIST_FILE = Configs/Zendesk.plist;
				INSTALL_PATH = "$(LOCAL_LIBRARY_DIR)/Frameworks";
				LD_RUNPATH_SEARCH_PATHS = "$(inherited) @executable_path/../Frameworks @loader_path/Frameworks $(PROJECT_DIR)/Carthage/Build/Mac";
				MACOSX_DEPLOYMENT_TARGET = 10.10;
				PRODUCT_BUNDLE_IDENTIFIER = "com.Zendesk.Zendesk-macOS";
				PRODUCT_NAME = Zendesk;
				SDKROOT = macosx;
				SKIP_INSTALL = YES;
				SWIFT_OPTIMIZATION_LEVEL = "-Owholemodule";
				SWIFT_VERSION = 3.0;
			};
			name = Release;
		};
		DD7502831C68FCFC006590AF /* Debug */ = {
			isa = XCBuildConfiguration;
			buildSettings = {
				CODE_SIGN_IDENTITY = "-";
				COMBINE_HIDPI_IMAGES = YES;
				FRAMEWORK_SEARCH_PATHS = (
					"$(inherited)",
					"$(PROJECT_DIR)/Carthage/Build/Mac",
				);
				INFOPLIST_FILE = Configs/ZendeskTests.plist;
				LD_RUNPATH_SEARCH_PATHS = "$(inherited) @executable_path/../Frameworks $(PROJECT_DIR)/Carthage/Build/Mac @loader_path/../Frameworks";
				MACOSX_DEPLOYMENT_TARGET = 10.11;
				PRODUCT_BUNDLE_IDENTIFIER = "com.Zendesk.Zendesk-macOS-Tests";
				PRODUCT_NAME = "$(TARGET_NAME)";
				SDKROOT = macosx;
				SWIFT_VERSION = 3.0;
			};
			name = Debug;
		};
		DD7502841C68FCFC006590AF /* Release */ = {
			isa = XCBuildConfiguration;
			buildSettings = {
				CODE_SIGN_IDENTITY = "-";
				COMBINE_HIDPI_IMAGES = YES;
				FRAMEWORK_SEARCH_PATHS = (
					"$(inherited)",
					"$(PROJECT_DIR)/Carthage/Build/Mac",
				);
				INFOPLIST_FILE = Configs/ZendeskTests.plist;
				LD_RUNPATH_SEARCH_PATHS = "$(inherited) @executable_path/../Frameworks $(PROJECT_DIR)/Carthage/Build/Mac @loader_path/../Frameworks";
				MACOSX_DEPLOYMENT_TARGET = 10.11;
				PRODUCT_BUNDLE_IDENTIFIER = "com.Zendesk.Zendesk-macOS-Tests";
				PRODUCT_NAME = "$(TARGET_NAME)";
				SDKROOT = macosx;
				SWIFT_OPTIMIZATION_LEVEL = "-Owholemodule";
				SWIFT_VERSION = 3.0;
			};
			name = Release;
		};
/* End XCBuildConfiguration section */

/* Begin XCConfigurationList section */
		52D6D9761BEFF229002C0205 /* Build configuration list for PBXProject "Zendesk" */ = {
			isa = XCConfigurationList;
			buildConfigurations = (
				52D6D98E1BEFF229002C0205 /* Debug */,
				52D6D98F1BEFF229002C0205 /* Release */,
			);
			defaultConfigurationIsVisible = 0;
			defaultConfigurationName = Release;
		};
		52D6D9901BEFF229002C0205 /* Build configuration list for PBXNativeTarget "Zendesk-iOS" */ = {
			isa = XCConfigurationList;
			buildConfigurations = (
				52D6D9911BEFF229002C0205 /* Debug */,
				52D6D9921BEFF229002C0205 /* Release */,
			);
			defaultConfigurationIsVisible = 0;
			defaultConfigurationName = Release;
		};
		52D6D9931BEFF229002C0205 /* Build configuration list for PBXNativeTarget "Zendesk-iOS Tests" */ = {
			isa = XCConfigurationList;
			buildConfigurations = (
				52D6D9941BEFF229002C0205 /* Debug */,
				52D6D9951BEFF229002C0205 /* Release */,
			);
			defaultConfigurationIsVisible = 0;
			defaultConfigurationName = Release;
		};
		52D6DA201BF000BD002C0205 /* Build configuration list for PBXNativeTarget "Zendesk-macOS" */ = {
			isa = XCConfigurationList;
			buildConfigurations = (
				52D6DA211BF000BD002C0205 /* Debug */,
				52D6DA221BF000BD002C0205 /* Release */,
			);
			defaultConfigurationIsVisible = 0;
			defaultConfigurationName = Release;
		};
		DD7502821C68FCFC006590AF /* Build configuration list for PBXNativeTarget "Zendesk-macOS Tests" */ = {
			isa = XCConfigurationList;
			buildConfigurations = (
				DD7502831C68FCFC006590AF /* Debug */,
				DD7502841C68FCFC006590AF /* Release */,
			);
			defaultConfigurationIsVisible = 0;
			defaultConfigurationName = Release;
		};
/* End XCConfigurationList section */
	};
	rootObject = 52D6D9731BEFF229002C0205 /* Project object */;
}
